
Microsoft Visual Studio Solution File, Format Version 11.00
# Visual Studio 2010
Project("{FAE04EC0-301F-11D3-BF4B-00C04F79EFBC}") = "Dorgas", "Dorgas\Dorgas\Dorgas.csproj", "{A816E92B-6822-4584-95B0-917969BC9E02}"
EndProject
Project("{96E2B04D-8817-42C6-938A-82C39BA4D311}") = "DorgasContent", "Dorgas\DorgasContent\DorgasContent.contentproj", "{E4B181EA-32C3-4854-A02C-510AF4A551CD}"
EndProject
Global
	GlobalSection(SolutionConfigurationPlatforms) = preSolution
		Debug|x86 = Debug|x86
		Release|x86 = Release|x86
	EndGlobalSection
	GlobalSection(ProjectConfigurationPlatforms) = postSolution
		{A816E92B-6822-4584-95B0-917969BC9E02}.Debug|x86.ActiveCfg = Debug|x86
		{A816E92B-6822-4584-95B0-917969BC9E02}.Debug|x86.Build.0 = Debug|x86
		{A816E92B-6822-4584-95B0-917969BC9E02}.Release|x86.ActiveCfg = Release|x86
		{A816E92B-6822-4584-95B0-917969BC9E02}.Release|x86.Build.0 = Release|x86
		{E4B181EA-32C3-4854-A02C-510AF4A551CD}.Debug|x86.ActiveCfg = Debug|x86
		{E4B181EA-32C3-4854-A02C-510AF4A551CD}.Release|x86.ActiveCfg = Release|x86
	EndGlobalSection
	GlobalSection(SolutionProperties) = preSolution
		HideSolutionNode = FALSE
	EndGlobalSection
EndGlobal
