
Microsoft Visual Studio Solution File, Format Version 11.00
# Visual Studio 2010
Project("{FAE04EC0-301F-11D3-BF4B-00C04F79EFBC}") = "Name", "Name\Name\Name.csproj", "{225ABFB3-7C85-4993-99EA-51BE9BE218B1}"
EndProject
Project("{96E2B04D-8817-42C6-938A-82C39BA4D311}") = "NameContent", "Name\NameContent\NameContent.contentproj", "{BA99F40D-6610-4AB8-BAC0-F9B7D35DCE33}"
EndProject
Global
	GlobalSection(SolutionConfigurationPlatforms) = preSolution
		Debug|x86 = Debug|x86
		Release|x86 = Release|x86
	EndGlobalSection
	GlobalSection(ProjectConfigurationPlatforms) = postSolution
		{225ABFB3-7C85-4993-99EA-51BE9BE218B1}.Debug|x86.ActiveCfg = Debug|x86
		{225ABFB3-7C85-4993-99EA-51BE9BE218B1}.Debug|x86.Build.0 = Debug|x86
		{225ABFB3-7C85-4993-99EA-51BE9BE218B1}.Release|x86.ActiveCfg = Release|x86
		{225ABFB3-7C85-4993-99EA-51BE9BE218B1}.Release|x86.Build.0 = Release|x86
		{BA99F40D-6610-4AB8-BAC0-F9B7D35DCE33}.Debug|x86.ActiveCfg = Debug|x86
		{BA99F40D-6610-4AB8-BAC0-F9B7D35DCE33}.Release|x86.ActiveCfg = Release|x86
	EndGlobalSection
	GlobalSection(SolutionProperties) = preSolution
		HideSolutionNode = FALSE
	EndGlobalSection
EndGlobal
