
Microsoft Visual Studio Solution File, Format Version 11.00
# Visual Studio 2010
Project("{FAE04EC0-301F-11D3-BF4B-00C04F79EFBC}") = "WorldName", "WorldName\WorldName\WorldName.csproj", "{1EFBC9D7-7676-40DA-81CD-2D0D8322AFF9}"
EndProject
Project("{96E2B04D-8817-42C6-938A-82C39BA4D311}") = "WorldNameContent", "WorldName\WorldNameContent\WorldNameContent.contentproj", "{98158248-276E-4D6F-BD5F-4B28B3021110}"
EndProject
Global
	GlobalSection(SolutionConfigurationPlatforms) = preSolution
		Debug|x86 = Debug|x86
		Release|x86 = Release|x86
	EndGlobalSection
	GlobalSection(ProjectConfigurationPlatforms) = postSolution
		{1EFBC9D7-7676-40DA-81CD-2D0D8322AFF9}.Debug|x86.ActiveCfg = Debug|x86
		{1EFBC9D7-7676-40DA-81CD-2D0D8322AFF9}.Debug|x86.Build.0 = Debug|x86
		{1EFBC9D7-7676-40DA-81CD-2D0D8322AFF9}.Release|x86.ActiveCfg = Release|x86
		{1EFBC9D7-7676-40DA-81CD-2D0D8322AFF9}.Release|x86.Build.0 = Release|x86
		{98158248-276E-4D6F-BD5F-4B28B3021110}.Debug|x86.ActiveCfg = Debug|x86
		{98158248-276E-4D6F-BD5F-4B28B3021110}.Release|x86.ActiveCfg = Release|x86
	EndGlobalSection
	GlobalSection(SolutionProperties) = preSolution
		HideSolutionNode = FALSE
	EndGlobalSection
EndGlobal
