
Microsoft Visual Studio Solution File, Format Version 11.00
# Visual Studio 2010
Project("{FAE04EC0-301F-11D3-BF4B-00C04F79EFBC}") = "Mundo03", "Mundo03\Mundo03\Mundo03.csproj", "{08E20B4F-E585-4B52-9FCE-68D08AB0F3EF}"
EndProject
Project("{96E2B04D-8817-42C6-938A-82C39BA4D311}") = "Mundo03Content", "Mundo03\Mundo03Content\Mundo03Content.contentproj", "{DA2684B7-C614-486F-9715-D35050479E5C}"
EndProject
Global
	GlobalSection(SolutionConfigurationPlatforms) = preSolution
		Debug|x86 = Debug|x86
		Release|x86 = Release|x86
	EndGlobalSection
	GlobalSection(ProjectConfigurationPlatforms) = postSolution
		{08E20B4F-E585-4B52-9FCE-68D08AB0F3EF}.Debug|x86.ActiveCfg = Debug|x86
		{08E20B4F-E585-4B52-9FCE-68D08AB0F3EF}.Debug|x86.Build.0 = Debug|x86
		{08E20B4F-E585-4B52-9FCE-68D08AB0F3EF}.Release|x86.ActiveCfg = Release|x86
		{08E20B4F-E585-4B52-9FCE-68D08AB0F3EF}.Release|x86.Build.0 = Release|x86
		{DA2684B7-C614-486F-9715-D35050479E5C}.Debug|x86.ActiveCfg = Debug|x86
		{DA2684B7-C614-486F-9715-D35050479E5C}.Release|x86.ActiveCfg = Release|x86
	EndGlobalSection
	GlobalSection(SolutionProperties) = preSolution
		HideSolutionNode = FALSE
	EndGlobalSection
EndGlobal
