
Microsoft Visual Studio Solution File, Format Version 11.00
# Visual Studio 2010
Project("{FAE04EC0-301F-11D3-BF4B-00C04F79EFBC}") = "Mundo03", "Mundo03\Mundo03\Mundo03.csproj", "{AB609DB1-2145-41D8-937E-EED9E724BFCF}"
EndProject
Project("{96E2B04D-8817-42C6-938A-82C39BA4D311}") = "Mundo03Content", "Mundo03\Mundo03Content\Mundo03Content.contentproj", "{25BF9B46-8358-4DD9-8012-25C2D62D925B}"
EndProject
Global
	GlobalSection(SolutionConfigurationPlatforms) = preSolution
		Debug|x86 = Debug|x86
		Release|x86 = Release|x86
	EndGlobalSection
	GlobalSection(ProjectConfigurationPlatforms) = postSolution
		{AB609DB1-2145-41D8-937E-EED9E724BFCF}.Debug|x86.ActiveCfg = Debug|x86
		{AB609DB1-2145-41D8-937E-EED9E724BFCF}.Debug|x86.Build.0 = Debug|x86
		{AB609DB1-2145-41D8-937E-EED9E724BFCF}.Release|x86.ActiveCfg = Release|x86
		{AB609DB1-2145-41D8-937E-EED9E724BFCF}.Release|x86.Build.0 = Release|x86
		{25BF9B46-8358-4DD9-8012-25C2D62D925B}.Debug|x86.ActiveCfg = Debug|x86
		{25BF9B46-8358-4DD9-8012-25C2D62D925B}.Release|x86.ActiveCfg = Release|x86
	EndGlobalSection
	GlobalSection(SolutionProperties) = preSolution
		HideSolutionNode = FALSE
	EndGlobalSection
EndGlobal
